
Microsoft Visual Studio Solution File, Format Version 12.00
# Visual Studio Version 17
VisualStudioVersion = 17.7.34018.315
MinimumVisualStudioVersion = 10.0.40219.1
Project("{FAE04EC0-301F-11D3-BF4B-00C04F79EFBC}") = "TestForServer", "TestForServer.csproj", "{CDAA04BE-A659-4141-B6CD-FB91AD9FA789}"
EndProject
Global
	GlobalSection(SolutionConfigurationPlatforms) = preSolution
		Debug|Any CPU = Debug|Any CPU
		Release|Any CPU = Release|Any CPU
	EndGlobalSection
	GlobalSection(ProjectConfigurationPlatforms) = postSolution
		{CDAA04BE-A659-4141-B6CD-FB91AD9FA789}.Debug|Any CPU.ActiveCfg = Debug|Any CPU
		{CDAA04BE-A659-4141-B6CD-FB91AD9FA789}.Debug|Any CPU.Build.0 = Debug|Any CPU
		{CDAA04BE-A659-4141-B6CD-FB91AD9FA789}.Release|Any CPU.ActiveCfg = Release|Any CPU
		{CDAA04BE-A659-4141-B6CD-FB91AD9FA789}.Release|Any CPU.Build.0 = Release|Any CPU
	EndGlobalSection
	GlobalSection(SolutionProperties) = preSolution
		HideSolutionNode = FALSE
	EndGlobalSection
	GlobalSection(ExtensibilityGlobals) = postSolution
		SolutionGuid = {313D5064-28B2-4084-8871-2DD561DCC7CF}
	EndGlobalSection
EndGlobal
